
Microsoft Visual Studio Solution File, Format Version 12.00
# Visual Studio Version 17
VisualStudioVersion = 17.8.34316.72
MinimumVisualStudioVersion = 10.0.40219.1
Project("{9A19103F-16F7-4668-BE54-9A1E7A4F7556}") = "VonNeumann.Computer", "VonNeumann.Computer\VonNeumann.Computer.csproj", "{CDD09E4B-E668-4F22-AFF0-58F426BE98FA}"
EndProject
Project("{9A19103F-16F7-4668-BE54-9A1E7A4F7556}") = "VonNeumann.Console", "VonNeumann.Console\VonNeumann.Console.csproj", "{E68F41FE-405D-463F-8AB7-2FEE1AB5B281}"
EndProject
Project("{9A19103F-16F7-4668-BE54-9A1E7A4F7556}") = "VonNeumann.Computer.Test", "VonNeumann.Computer.Test\VonNeumann.Computer.Test.csproj", "{142E47E5-7622-4D1A-A7AA-1FD385748ED7}"
EndProject
Project("{FAE04EC0-301F-11D3-BF4B-00C04F79EFBC}") = "VonNeumann.MauiSample", "VonNeumann.MauiSample\VonNeumann.MauiSample.csproj", "{D0716138-48E5-4A9E-B0BB-3C177F24BDC4}"
EndProject
Global
	GlobalSection(SolutionConfigurationPlatforms) = preSolution
		Debug|Any CPU = Debug|Any CPU
		Release|Any CPU = Release|Any CPU
	EndGlobalSection
	GlobalSection(ProjectConfigurationPlatforms) = postSolution
		{CDD09E4B-E668-4F22-AFF0-58F426BE98FA}.Debug|Any CPU.ActiveCfg = Debug|Any CPU
		{CDD09E4B-E668-4F22-AFF0-58F426BE98FA}.Debug|Any CPU.Build.0 = Debug|Any CPU
		{CDD09E4B-E668-4F22-AFF0-58F426BE98FA}.Release|Any CPU.ActiveCfg = Release|Any CPU
		{CDD09E4B-E668-4F22-AFF0-58F426BE98FA}.Release|Any CPU.Build.0 = Release|Any CPU
		{E68F41FE-405D-463F-8AB7-2FEE1AB5B281}.Debug|Any CPU.ActiveCfg = Debug|Any CPU
		{E68F41FE-405D-463F-8AB7-2FEE1AB5B281}.Debug|Any CPU.Build.0 = Debug|Any CPU
		{E68F41FE-405D-463F-8AB7-2FEE1AB5B281}.Release|Any CPU.ActiveCfg = Release|Any CPU
		{E68F41FE-405D-463F-8AB7-2FEE1AB5B281}.Release|Any CPU.Build.0 = Release|Any CPU
		{142E47E5-7622-4D1A-A7AA-1FD385748ED7}.Debug|Any CPU.ActiveCfg = Debug|Any CPU
		{142E47E5-7622-4D1A-A7AA-1FD385748ED7}.Debug|Any CPU.Build.0 = Debug|Any CPU
		{142E47E5-7622-4D1A-A7AA-1FD385748ED7}.Release|Any CPU.ActiveCfg = Release|Any CPU
		{142E47E5-7622-4D1A-A7AA-1FD385748ED7}.Release|Any CPU.Build.0 = Release|Any CPU
		{D0716138-48E5-4A9E-B0BB-3C177F24BDC4}.Debug|Any CPU.ActiveCfg = Debug|Any CPU
		{D0716138-48E5-4A9E-B0BB-3C177F24BDC4}.Debug|Any CPU.Build.0 = Debug|Any CPU
		{D0716138-48E5-4A9E-B0BB-3C177F24BDC4}.Debug|Any CPU.Deploy.0 = Debug|Any CPU
		{D0716138-48E5-4A9E-B0BB-3C177F24BDC4}.Release|Any CPU.ActiveCfg = Release|Any CPU
		{D0716138-48E5-4A9E-B0BB-3C177F24BDC4}.Release|Any CPU.Build.0 = Release|Any CPU
		{D0716138-48E5-4A9E-B0BB-3C177F24BDC4}.Release|Any CPU.Deploy.0 = Release|Any CPU
	EndGlobalSection
	GlobalSection(SolutionProperties) = preSolution
		HideSolutionNode = FALSE
	EndGlobalSection
	GlobalSection(ExtensibilityGlobals) = postSolution
		SolutionGuid = {077E0976-0310-4CD9-A306-F1336EF81DDF}
	EndGlobalSection
EndGlobal
